
Microsoft Visual Studio Solution File, Format Version 12.00
# Visual Studio Version 17
VisualStudioVersion = 17.6.33801.468
MinimumVisualStudioVersion = 10.0.40219.1
Project("{FAE04EC0-301F-11D3-BF4B-00C04F79EFBC}") = "TrackIt", "TrackIt\TrackIt.csproj", "{936263D3-8C4D-4A4C-94BE-59BEDEB4F2F5}"
EndProject
Project("{FAE04EC0-301F-11D3-BF4B-00C04F79EFBC}") = "TrackIt.Model", "TrackIt.Model\TrackIt.Model.csproj", "{7690BE0A-3DCF-4157-9970-F33155E4CDA7}"
EndProject
Project("{FAE04EC0-301F-11D3-BF4B-00C04F79EFBC}") = "TrackIt.Services", "TrackIt.Services\TrackIt.Services.csproj", "{FE06E693-0B16-46C1-B247-9CBB35A7CF30}"
EndProject
Global
	GlobalSection(SolutionConfigurationPlatforms) = preSolution
		Debug|Any CPU = Debug|Any CPU
		Release|Any CPU = Release|Any CPU
	EndGlobalSection
	GlobalSection(ProjectConfigurationPlatforms) = postSolution
		{936263D3-8C4D-4A4C-94BE-59BEDEB4F2F5}.Debug|Any CPU.ActiveCfg = Debug|Any CPU
		{936263D3-8C4D-4A4C-94BE-59BEDEB4F2F5}.Debug|Any CPU.Build.0 = Debug|Any CPU
		{936263D3-8C4D-4A4C-94BE-59BEDEB4F2F5}.Release|Any CPU.ActiveCfg = Release|Any CPU
		{936263D3-8C4D-4A4C-94BE-59BEDEB4F2F5}.Release|Any CPU.Build.0 = Release|Any CPU
		{7690BE0A-3DCF-4157-9970-F33155E4CDA7}.Debug|Any CPU.ActiveCfg = Debug|Any CPU
		{7690BE0A-3DCF-4157-9970-F33155E4CDA7}.Debug|Any CPU.Build.0 = Debug|Any CPU
		{7690BE0A-3DCF-4157-9970-F33155E4CDA7}.Release|Any CPU.ActiveCfg = Release|Any CPU
		{7690BE0A-3DCF-4157-9970-F33155E4CDA7}.Release|Any CPU.Build.0 = Release|Any CPU
		{FE06E693-0B16-46C1-B247-9CBB35A7CF30}.Debug|Any CPU.ActiveCfg = Debug|Any CPU
		{FE06E693-0B16-46C1-B247-9CBB35A7CF30}.Debug|Any CPU.Build.0 = Debug|Any CPU
		{FE06E693-0B16-46C1-B247-9CBB35A7CF30}.Release|Any CPU.ActiveCfg = Release|Any CPU
		{FE06E693-0B16-46C1-B247-9CBB35A7CF30}.Release|Any CPU.Build.0 = Release|Any CPU
	EndGlobalSection
	GlobalSection(SolutionProperties) = preSolution
		HideSolutionNode = FALSE
	EndGlobalSection
	GlobalSection(ExtensibilityGlobals) = postSolution
		SolutionGuid = {268A946D-FF84-4247-A480-E1EE84DBB8E2}
	EndGlobalSection
EndGlobal
